{
  "version": "5",
  "specifiers": {
    "npm:fflate@0.8.2": "0.8.2",
    "npm:otpauth@9": "9.5.1"
  },
  "npm": {
    "@noble/hashes@2.2.0": {
      "integrity": "sha512-IYqDGiTXab6FniAgnSdZwgWbomxpy9FtYvLKs7wCUs2a8RkITG+DFGO1DM9cr+E3/RgADRpFjrKVaJ1z6sjtEg=="
    },
    "fflate@0.8.2": {
      "integrity": "sha512-cPJU47OaAoCbg0pBvzsgpTPhmhqI5eJjh/JIu8tPj5q+T7iLvW/JAYUqmE7KOB4R1ZyEhzBaIQpQpardBF5z8A=="
    },
    "otpauth@9.5.1": {
      "integrity": "sha512-fJmDAHc8wImfqqqOXIlBvT1dEKrZK0Cmb2VEgScpNTolCz0PHh6ExUZGv4sLtOsWNaHCQlD+rRqaPgnoxFoZjQ==",
      "dependencies": [
        "@noble/hashes"
      ]
    }
  }
}
