{
  "version": "5",
  "specifiers": {
    "npm:otpauth@9": "9.5.1"
  },
  "npm": {
    "@noble/hashes@2.2.0": {
      "integrity": "sha512-IYqDGiTXab6FniAgnSdZwgWbomxpy9FtYvLKs7wCUs2a8RkITG+DFGO1DM9cr+E3/RgADRpFjrKVaJ1z6sjtEg=="
    },
    "otpauth@9.5.1": {
      "integrity": "sha512-fJmDAHc8wImfqqqOXIlBvT1dEKrZK0Cmb2VEgScpNTolCz0PHh6ExUZGv4sLtOsWNaHCQlD+rRqaPgnoxFoZjQ==",
      "dependencies": [
        "@noble/hashes"
      ]
    }
  }
}
